
Microsoft Visual Studio Solution File, Format Version 12.00
# Visual Studio Version 17
VisualStudioVersion = 17.10.35013.160
MinimumVisualStudioVersion = 10.0.40219.1
Project("{FAE04EC0-301F-11D3-BF4B-00C04F79EFBC}") = "NunitTest", "NunitTest\NunitTest.csproj", "{358CAE5A-F535-4694-8D09-B236D03187EE}"
EndProject
Global
	GlobalSection(SolutionConfigurationPlatforms) = preSolution
		Debug|Any CPU = Debug|Any CPU
		Release|Any CPU = Release|Any CPU
	EndGlobalSection
	GlobalSection(ProjectConfigurationPlatforms) = postSolution
		{358CAE5A-F535-4694-8D09-B236D03187EE}.Debug|Any CPU.ActiveCfg = Debug|Any CPU
		{358CAE5A-F535-4694-8D09-B236D03187EE}.Debug|Any CPU.Build.0 = Debug|Any CPU
		{358CAE5A-F535-4694-8D09-B236D03187EE}.Release|Any CPU.ActiveCfg = Release|Any CPU
		{358CAE5A-F535-4694-8D09-B236D03187EE}.Release|Any CPU.Build.0 = Release|Any CPU
	EndGlobalSection
	GlobalSection(SolutionProperties) = preSolution
		HideSolutionNode = FALSE
	EndGlobalSection
	GlobalSection(ExtensibilityGlobals) = postSolution
		SolutionGuid = {B120CA9B-B1EB-4A78-8A63-34E080C7E335}
	EndGlobalSection
EndGlobal
